
Microsoft Visual Studio Solution File, Format Version 12.00
# Visual Studio Version 17
VisualStudioVersion = 17.5.33516.290
MinimumVisualStudioVersion = 10.0.40219.1
Project("{FAE04EC0-301F-11D3-BF4B-00C04F79EFBC}") = "Assessment2-2", "Assessment2-2\Assessment2-2.csproj", "{124ACCD5-C954-4F29-9162-6D8B6179D0EF}"
EndProject
Project("{FAE04EC0-301F-11D3-BF4B-00C04F79EFBC}") = "Assessment2-2Tests", "Assessment2-2Tests\Assessment2-2Tests.csproj", "{3363339E-C9A6-4782-866B-2C67178D69C3}"
EndProject
Global
	GlobalSection(SolutionConfigurationPlatforms) = preSolution
		Debug|Any CPU = Debug|Any CPU
		Release|Any CPU = Release|Any CPU
	EndGlobalSection
	GlobalSection(ProjectConfigurationPlatforms) = postSolution
		{124ACCD5-C954-4F29-9162-6D8B6179D0EF}.Debug|Any CPU.ActiveCfg = Debug|Any CPU
		{124ACCD5-C954-4F29-9162-6D8B6179D0EF}.Debug|Any CPU.Build.0 = Debug|Any CPU
		{124ACCD5-C954-4F29-9162-6D8B6179D0EF}.Release|Any CPU.ActiveCfg = Release|Any CPU
		{124ACCD5-C954-4F29-9162-6D8B6179D0EF}.Release|Any CPU.Build.0 = Release|Any CPU
		{3363339E-C9A6-4782-866B-2C67178D69C3}.Debug|Any CPU.ActiveCfg = Debug|Any CPU
		{3363339E-C9A6-4782-866B-2C67178D69C3}.Debug|Any CPU.Build.0 = Debug|Any CPU
		{3363339E-C9A6-4782-866B-2C67178D69C3}.Release|Any CPU.ActiveCfg = Release|Any CPU
		{3363339E-C9A6-4782-866B-2C67178D69C3}.Release|Any CPU.Build.0 = Release|Any CPU
	EndGlobalSection
	GlobalSection(SolutionProperties) = preSolution
		HideSolutionNode = FALSE
	EndGlobalSection
	GlobalSection(ExtensibilityGlobals) = postSolution
		SolutionGuid = {F7997C68-9E4E-435B-8AC2-0DDF0837035A}
	EndGlobalSection
EndGlobal
